{
	"name": "weather-cli",
	"version": "1.0.0",
	"lockfileVersion": 2,
	"requires": true,
	"packages": {
		"": {
			"name": "weather-cli",
			"version": "1.0.0",
			"license": "ISC",
			"dependencies": {
				"chalk": "^5.0.1",
				"dedent-js": "^1.0.1"
			},
			"bin": {
				"weather": "index.js"
			},
			"devDependencies": {
				"@types/node": "^18.0.3"
			}
		},
		"node_modules/@types/node": {
			"version": "18.0.3",
			"resolved": "https://registry.npmjs.org/@types/node/-/node-18.0.3.tgz",
			"integrity": "sha512-HzNRZtp4eepNitP+BD6k2L6DROIDG4Q0fm4x+dwfsr6LGmROENnok75VGw40628xf+iR24WeMFcHuuBDUAzzsQ==",
			"dev": true
		},
		"node_modules/chalk": {
			"version": "5.0.1",
			"resolved": "https://registry.npmjs.org/chalk/-/chalk-5.0.1.tgz",
			"integrity": "sha512-Fo07WOYGqMfCWHOzSXOt2CxDbC6skS/jO9ynEcmpANMoPrD+W1r1K6Vx7iNm+AQmETU1Xr2t+n8nzkV9t6xh3w==",
			"engines": {
				"node": "^12.17.0 || ^14.13 || >=16.0.0"
			},
			"funding": {
				"url": "https://github.com/chalk/chalk?sponsor=1"
			}
		},
		"node_modules/dedent-js": {
			"version": "1.0.1",
			"resolved": "https://registry.npmjs.org/dedent-js/-/dedent-js-1.0.1.tgz",
			"integrity": "sha512-OUepMozQULMLUmhxS95Vudo0jb0UchLimi3+pQ2plj61Fcy8axbP9hbiD4Sz6DPqn6XG3kfmziVfQ1rSys5AJQ=="
		}
	},
	"dependencies": {
		"@types/node": {
			"version": "18.0.3",
			"resolved": "https://registry.npmjs.org/@types/node/-/node-18.0.3.tgz",
			"integrity": "sha512-HzNRZtp4eepNitP+BD6k2L6DROIDG4Q0fm4x+dwfsr6LGmROENnok75VGw40628xf+iR24WeMFcHuuBDUAzzsQ==",
			"dev": true
		},
		"chalk": {
			"version": "5.0.1",
			"resolved": "https://registry.npmjs.org/chalk/-/chalk-5.0.1.tgz",
			"integrity": "sha512-Fo07WOYGqMfCWHOzSXOt2CxDbC6skS/jO9ynEcmpANMoPrD+W1r1K6Vx7iNm+AQmETU1Xr2t+n8nzkV9t6xh3w=="
		},
		"dedent-js": {
			"version": "1.0.1",
			"resolved": "https://registry.npmjs.org/dedent-js/-/dedent-js-1.0.1.tgz",
			"integrity": "sha512-OUepMozQULMLUmhxS95Vudo0jb0UchLimi3+pQ2plj61Fcy8axbP9hbiD4Sz6DPqn6XG3kfmziVfQ1rSys5AJQ=="
		}
	}
}
